{
  "name": "lsp-todo-server",
  "version": "1.7.6",
  "lockfileVersion": 2,
  "requires": true,
  "packages": {
    "": {
      "name": "lsp-todo-server",
      "version": "1.7.6",
      "license": "MIT",
      "dependencies": {
        "multilang-extract-comments": "^0.4.0",
        "vscode-languageserver": "^6.1.1",
        "vscode-languageserver-textdocument": "^1.0.1"
      },
      "engines": {
        "node": "*"
      }
    },
    "node_modules/comment-patterns": {
      "version": "0.12.2",
      "resolved": "https://registry.npmjs.org/comment-patterns/-/comment-patterns-0.12.2.tgz",
      "integrity": "sha512-yA1FeubMSK0MXzapPm1uNdxyGk0mTAn5qrsVS6uQUSDOpUgWVLCqsgZfA/lhRx6TCLr1MvxeRqXOb1peWXWg3Q==",
      "dependencies": {
        "lodash": "^4.17.11"
      }
    },
    "node_modules/line-counter": {
      "version": "1.1.0",
      "resolved": "https://registry.npmjs.org/line-counter/-/line-counter-1.1.0.tgz",
      "integrity": "sha512-6bmXJG/pOX5HBb2aIJZrI9CALBgY1VMbS0GPuXfJaT13UEfee/2xxPCsOOJdXLl3KPRyBf2/D+cjiG8hU9S7LA=="
    },
    "node_modules/lodash": {
      "version": "4.17.21",
      "resolved": "https://registry.npmjs.org/lodash/-/lodash-4.17.21.tgz",
      "integrity": "sha512-v2kDEe57lecTulaDIuNTPy3Ry4gLGJ6Z1O3vE1krgXZNrsQ+LFTGHVxVjcXPs17LhbZVGedAJv8XZ1tvj5FvSg=="
    },
    "node_modules/multilang-extract-comments": {
      "version": "0.4.0",
      "resolved": "https://registry.npmjs.org/multilang-extract-comments/-/multilang-extract-comments-0.4.0.tgz",
      "integrity": "sha512-8mXCo9Q42Wyfho9nn7hHkG/0sKxH0nJWfmBLl8+c+FLv++XhFkFC1sntOk4NFZ+nSpoMjlF/8ILeOLyMRTFbIw==",
      "dependencies": {
        "comment-patterns": "^0.12.0",
        "line-counter": "^1.0.3",
        "lodash": "^4.17.11",
        "quotemeta": "0.0.0"
      }
    },
    "node_modules/quotemeta": {
      "version": "0.0.0",
      "resolved": "https://registry.npmjs.org/quotemeta/-/quotemeta-0.0.0.tgz",
      "integrity": "sha512-1XGObUh7RN5b58vKuAsrlfqT+Rc4vmw8N4pP9gFCq1GFlTdV0Ex/D2Ro1Drvrqj++HPi3ig0Np17XPslELeMRA=="
    },
    "node_modules/vscode-jsonrpc": {
      "version": "5.0.1",
      "resolved": "https://registry.npmjs.org/vscode-jsonrpc/-/vscode-jsonrpc-5.0.1.tgz",
      "integrity": "sha512-JvONPptw3GAQGXlVV2utDcHx0BiY34FupW/kI6mZ5x06ER5DdPG/tXWMVHjTNULF5uKPOUUD0SaXg5QaubJL0A==",
      "engines": {
        "node": ">=8.0.0 || >=10.0.0"
      }
    },
    "node_modules/vscode-languageserver": {
      "version": "6.1.1",
      "resolved": "https://registry.npmjs.org/vscode-languageserver/-/vscode-languageserver-6.1.1.tgz",
      "integrity": "sha512-DueEpkUAkD5XTR4MLYNr6bQIp/UFR0/IPApgXU3YfCBCB08u2sm9hRCs6DxYZELkk++STPjpcjksR2H8qI3cDQ==",
      "dependencies": {
        "vscode-languageserver-protocol": "^3.15.3"
      },
      "bin": {
        "installServerIntoExtension": "bin/installServerIntoExtension"
      }
    },
    "node_modules/vscode-languageserver-protocol": {
      "version": "3.15.3",
      "resolved": "https://registry.npmjs.org/vscode-languageserver-protocol/-/vscode-languageserver-protocol-3.15.3.tgz",
      "integrity": "sha512-zrMuwHOAQRhjDSnflWdJG+O2ztMWss8GqUUB8dXLR/FPenwkiBNkMIJJYfSN6sgskvsF0rHAoBowNQfbyZnnvw==",
      "dependencies": {
        "vscode-jsonrpc": "^5.0.1",
        "vscode-languageserver-types": "3.15.1"
      }
    },
    "node_modules/vscode-languageserver-textdocument": {
      "version": "1.0.1",
      "resolved": "https://registry.npmjs.org/vscode-languageserver-textdocument/-/vscode-languageserver-textdocument-1.0.1.tgz",
      "integrity": "sha512-UIcJDjX7IFkck7cSkNNyzIz5FyvpQfY7sdzVy+wkKN/BLaD4DQ0ppXQrKePomCxTS7RrolK1I0pey0bG9eh8dA=="
    },
    "node_modules/vscode-languageserver-types": {
      "version": "3.15.1",
      "resolved": "https://registry.npmjs.org/vscode-languageserver-types/-/vscode-languageserver-types-3.15.1.tgz",
      "integrity": "sha512-+a9MPUQrNGRrGU630OGbYVQ+11iOIovjCkqxajPa9w57Sd5ruK8WQNsslzpa0x/QJqC8kRc2DUxWjIFwoNm4ZQ=="
    }
  },
  "dependencies": {
    "comment-patterns": {
      "version": "0.12.2",
      "resolved": "https://registry.npmjs.org/comment-patterns/-/comment-patterns-0.12.2.tgz",
      "integrity": "sha512-yA1FeubMSK0MXzapPm1uNdxyGk0mTAn5qrsVS6uQUSDOpUgWVLCqsgZfA/lhRx6TCLr1MvxeRqXOb1peWXWg3Q==",
      "requires": {
        "lodash": "^4.17.11"
      }
    },
    "line-counter": {
      "version": "1.1.0",
      "resolved": "https://registry.npmjs.org/line-counter/-/line-counter-1.1.0.tgz",
      "integrity": "sha512-6bmXJG/pOX5HBb2aIJZrI9CALBgY1VMbS0GPuXfJaT13UEfee/2xxPCsOOJdXLl3KPRyBf2/D+cjiG8hU9S7LA=="
    },
    "lodash": {
      "version": "4.17.21",
      "resolved": "https://registry.npmjs.org/lodash/-/lodash-4.17.21.tgz",
      "integrity": "sha512-v2kDEe57lecTulaDIuNTPy3Ry4gLGJ6Z1O3vE1krgXZNrsQ+LFTGHVxVjcXPs17LhbZVGedAJv8XZ1tvj5FvSg=="
    },
    "multilang-extract-comments": {
      "version": "0.4.0",
      "resolved": "https://registry.npmjs.org/multilang-extract-comments/-/multilang-extract-comments-0.4.0.tgz",
      "integrity": "sha512-8mXCo9Q42Wyfho9nn7hHkG/0sKxH0nJWfmBLl8+c+FLv++XhFkFC1sntOk4NFZ+nSpoMjlF/8ILeOLyMRTFbIw==",
      "requires": {
        "comment-patterns": "^0.12.0",
        "line-counter": "^1.0.3",
        "lodash": "^4.17.11",
        "quotemeta": "0.0.0"
      }
    },
    "quotemeta": {
      "version": "0.0.0",
      "resolved": "https://registry.npmjs.org/quotemeta/-/quotemeta-0.0.0.tgz",
      "integrity": "sha512-1XGObUh7RN5b58vKuAsrlfqT+Rc4vmw8N4pP9gFCq1GFlTdV0Ex/D2Ro1Drvrqj++HPi3ig0Np17XPslELeMRA=="
    },
    "vscode-jsonrpc": {
      "version": "5.0.1",
      "resolved": "https://registry.npmjs.org/vscode-jsonrpc/-/vscode-jsonrpc-5.0.1.tgz",
      "integrity": "sha512-JvONPptw3GAQGXlVV2utDcHx0BiY34FupW/kI6mZ5x06ER5DdPG/tXWMVHjTNULF5uKPOUUD0SaXg5QaubJL0A=="
    },
    "vscode-languageserver": {
      "version": "6.1.1",
      "resolved": "https://registry.npmjs.org/vscode-languageserver/-/vscode-languageserver-6.1.1.tgz",
      "integrity": "sha512-DueEpkUAkD5XTR4MLYNr6bQIp/UFR0/IPApgXU3YfCBCB08u2sm9hRCs6DxYZELkk++STPjpcjksR2H8qI3cDQ==",
      "requires": {
        "vscode-languageserver-protocol": "^3.15.3"
      }
    },
    "vscode-languageserver-protocol": {
      "version": "3.15.3",
      "resolved": "https://registry.npmjs.org/vscode-languageserver-protocol/-/vscode-languageserver-protocol-3.15.3.tgz",
      "integrity": "sha512-zrMuwHOAQRhjDSnflWdJG+O2ztMWss8GqUUB8dXLR/FPenwkiBNkMIJJYfSN6sgskvsF0rHAoBowNQfbyZnnvw==",
      "requires": {
        "vscode-jsonrpc": "^5.0.1",
        "vscode-languageserver-types": "3.15.1"
      }
    },
    "vscode-languageserver-textdocument": {
      "version": "1.0.1",
      "resolved": "https://registry.npmjs.org/vscode-languageserver-textdocument/-/vscode-languageserver-textdocument-1.0.1.tgz",
      "integrity": "sha512-UIcJDjX7IFkck7cSkNNyzIz5FyvpQfY7sdzVy+wkKN/BLaD4DQ0ppXQrKePomCxTS7RrolK1I0pey0bG9eh8dA=="
    },
    "vscode-languageserver-types": {
      "version": "3.15.1",
      "resolved": "https://registry.npmjs.org/vscode-languageserver-types/-/vscode-languageserver-types-3.15.1.tgz",
      "integrity": "sha512-+a9MPUQrNGRrGU630OGbYVQ+11iOIovjCkqxajPa9w57Sd5ruK8WQNsslzpa0x/QJqC8kRc2DUxWjIFwoNm4ZQ=="
    }
  }
}
